
Microsoft Visual Studio Solution File, Format Version 12.00
# Visual Studio Version 17
VisualStudioVersion = 17.0.32112.339
MinimumVisualStudioVersion = 10.0.40219.1
Project("{9A19103F-16F7-4668-BE54-9A1E7A4F7556}") = "AnimationStack", "AnimationStack\AnimationStack.csproj", "{D08AC4A4-5E09-4FFD-AB60-F9DAB078D107}"
EndProject
Global
	GlobalSection(SolutionConfigurationPlatforms) = preSolution
		Debug|Any CPU = Debug|Any CPU
		Release|Any CPU = Release|Any CPU
	EndGlobalSection
	GlobalSection(ProjectConfigurationPlatforms) = postSolution
		{D08AC4A4-5E09-4FFD-AB60-F9DAB078D107}.Debug|Any CPU.ActiveCfg = Debug|Any CPU
		{D08AC4A4-5E09-4FFD-AB60-F9DAB078D107}.Debug|Any CPU.Build.0 = Debug|Any CPU
		{D08AC4A4-5E09-4FFD-AB60-F9DAB078D107}.Release|Any CPU.ActiveCfg = Release|Any CPU
		{D08AC4A4-5E09-4FFD-AB60-F9DAB078D107}.Release|Any CPU.Build.0 = Release|Any CPU
	EndGlobalSection
	GlobalSection(SolutionProperties) = preSolution
		HideSolutionNode = FALSE
	EndGlobalSection
	GlobalSection(ExtensibilityGlobals) = postSolution
		SolutionGuid = {B021A38E-1FD3-49DF-8A41-26DBB36F00F6}
	EndGlobalSection
EndGlobal
